
Microsoft Visual Studio Solution File, Format Version 12.00
# Visual Studio 15
VisualStudioVersion = 15.0.28307.960
MinimumVisualStudioVersion = 10.0.40219.1
Project("{D954291E-2A0B-460D-934E-DC6B0785DB48}") = "NBAPlays.Shared", "NBAPlays\NBAPlays.Shared\NBAPlays.Shared.shproj", "{6279C845-92F8-4333-AB99-3D213163593C}"
EndProject
Project("{FAE04EC0-301F-11D3-BF4B-00C04F79EFBC}") = "NBAPlays.Droid", "NBAPlays\NBAPlays.Droid\NBAPlays.Droid.csproj", "{9EC744CF-80DC-44CB-A9BB-9C474E96761B}"
EndProject
Project("{FAE04EC0-301F-11D3-BF4B-00C04F79EFBC}") = "NBAPlays.iOS", "NBAPlays\NBAPlays.iOS\NBAPlays.iOS.csproj", "{674B2CE0-09AB-4DDB-B385-F54976784865}"
EndProject
Project("{FAE04EC0-301F-11D3-BF4B-00C04F79EFBC}") = "NBAPlays.UWP", "NBAPlays\NBAPlays.UWP\NBAPlays.UWP.csproj", "{D3DD3F91-3516-4BAC-97DD-F936987DEE45}"
EndProject
Project("{9A19103F-16F7-4668-BE54-9A1E7A4F7556}") = "NBAPlays.Wasm", "NBAPlays\NBAPlays.Wasm\NBAPlays.Wasm.csproj", "{578F11EE-8C11-46EA-8101-F59AECCB0B89}"
EndProject
Project("{9A19103F-16F7-4668-BE54-9A1E7A4F7556}") = "NBAPlays.Core", "NBAPlays.Core\NBAPlays.Core.csproj", "{9B330EFA-44B2-4EA4-A520-E730F0E700A5}"
EndProject
Global
	GlobalSection(SharedMSBuildProjectFiles) = preSolution
		NBAPlays\NBAPlays.Shared\NBAPlays.Shared.projitems*{6279c845-92f8-4333-ab99-3d213163593c}*SharedItemsImports = 13
		NBAPlays\NBAPlays.Shared\NBAPlays.Shared.projitems*{674b2ce0-09ab-4ddb-b385-f54976784865}*SharedItemsImports = 4
		NBAPlays\NBAPlays.Shared\NBAPlays.Shared.projitems*{9ec744cf-80dc-44cb-a9bb-9c474e96761b}*SharedItemsImports = 4
		NBAPlays\NBAPlays.Shared\NBAPlays.Shared.projitems*{d3dd3f91-3516-4bac-97dd-f936987dee45}*SharedItemsImports = 4
	EndGlobalSection
	GlobalSection(SolutionConfigurationPlatforms) = preSolution
		Ad-Hoc|Any CPU = Ad-Hoc|Any CPU
		Ad-Hoc|ARM = Ad-Hoc|ARM
		Ad-Hoc|iPhone = Ad-Hoc|iPhone
		Ad-Hoc|iPhoneSimulator = Ad-Hoc|iPhoneSimulator
		Ad-Hoc|x64 = Ad-Hoc|x64
		Ad-Hoc|x86 = Ad-Hoc|x86
		AppStore|Any CPU = AppStore|Any CPU
		AppStore|ARM = AppStore|ARM
		AppStore|iPhone = AppStore|iPhone
		AppStore|iPhoneSimulator = AppStore|iPhoneSimulator
		AppStore|x64 = AppStore|x64
		AppStore|x86 = AppStore|x86
		Debug|Any CPU = Debug|Any CPU
		Debug|ARM = Debug|ARM
		Debug|iPhone = Debug|iPhone
		Debug|iPhoneSimulator = Debug|iPhoneSimulator
		Debug|x64 = Debug|x64
		Debug|x86 = Debug|x86
		Release|Any CPU = Release|Any CPU
		Release|ARM = Release|ARM
		Release|iPhone = Release|iPhone
		Release|iPhoneSimulator = Release|iPhoneSimulator
		Release|x64 = Release|x64
		Release|x86 = Release|x86
	EndGlobalSection
	GlobalSection(ProjectConfigurationPlatforms) = postSolution
		{9EC744CF-80DC-44CB-A9BB-9C474E96761B}.Ad-Hoc|Any CPU.ActiveCfg = Release|Any CPU
		{9EC744CF-80DC-44CB-A9BB-9C474E96761B}.Ad-Hoc|Any CPU.Build.0 = Release|Any CPU
		{9EC744CF-80DC-44CB-A9BB-9C474E96761B}.Ad-Hoc|Any CPU.Deploy.0 = Release|Any CPU
		{9EC744CF-80DC-44CB-A9BB-9C474E96761B}.Ad-Hoc|ARM.ActiveCfg = Release|Any CPU
		{9EC744CF-80DC-44CB-A9BB-9C474E96761B}.Ad-Hoc|ARM.Build.0 = Release|Any CPU
		{9EC744CF-80DC-44CB-A9BB-9C474E96761B}.Ad-Hoc|ARM.Deploy.0 = Release|Any CPU
		{9EC744CF-80DC-44CB-A9BB-9C474E96761B}.Ad-Hoc|iPhone.ActiveCfg = Release|Any CPU
		{9EC744CF-80DC-44CB-A9BB-9C474E96761B}.Ad-Hoc|iPhone.Build.0 = Release|Any CPU
		{9EC744CF-80DC-44CB-A9BB-9C474E96761B}.Ad-Hoc|iPhone.Deploy.0 = Release|Any CPU
		{9EC744CF-80DC-44CB-A9BB-9C474E96761B}.Ad-Hoc|iPhoneSimulator.ActiveCfg = Release|Any CPU
		{9EC744CF-80DC-44CB-A9BB-9C474E96761B}.Ad-Hoc|iPhoneSimulator.Build.0 = Release|Any CPU
		{9EC744CF-80DC-44CB-A9BB-9C474E96761B}.Ad-Hoc|iPhoneSimulator.Deploy.0 = Release|Any CPU
		{9EC744CF-80DC-44CB-A9BB-9C474E96761B}.Ad-Hoc|x64.ActiveCfg = Release|Any CPU
		{9EC744CF-80DC-44CB-A9BB-9C474E96761B}.Ad-Hoc|x64.Build.0 = Release|Any CPU
		{9EC744CF-80DC-44CB-A9BB-9C474E96761B}.Ad-Hoc|x64.Deploy.0 = Release|Any CPU
		{9EC744CF-80DC-44CB-A9BB-9C474E96761B}.Ad-Hoc|x86.ActiveCfg = Release|Any CPU
		{9EC744CF-80DC-44CB-A9BB-9C474E96761B}.Ad-Hoc|x86.Build.0 = Release|Any CPU
		{9EC744CF-80DC-44CB-A9BB-9C474E96761B}.Ad-Hoc|x86.Deploy.0 = Release|Any CPU
		{9EC744CF-80DC-44CB-A9BB-9C474E96761B}.AppStore|Any CPU.ActiveCfg = Release|Any CPU
		{9EC744CF-80DC-44CB-A9BB-9C474E96761B}.AppStore|Any CPU.Build.0 = Release|Any CPU
		{9EC744CF-80DC-44CB-A9BB-9C474E96761B}.AppStore|Any CPU.Deploy.0 = Release|Any CPU
		{9EC744CF-80DC-44CB-A9BB-9C474E96761B}.AppStore|ARM.ActiveCfg = Release|Any CPU
		{9EC744CF-80DC-44CB-A9BB-9C474E96761B}.AppStore|ARM.Build.0 = Release|Any CPU
		{9EC744CF-80DC-44CB-A9BB-9C474E96761B}.AppStore|ARM.Deploy.0 = Release|Any CPU
		{9EC744CF-80DC-44CB-A9BB-9C474E96761B}.AppStore|iPhone.ActiveCfg = Release|Any CPU
		{9EC744CF-80DC-44CB-A9BB-9C474E96761B}.AppStore|iPhone.Build.0 = Release|Any CPU
		{9EC744CF-80DC-44CB-A9BB-9C474E96761B}.AppStore|iPhone.Deploy.0 = Release|Any CPU
		{9EC744CF-80DC-44CB-A9BB-9C474E96761B}.AppStore|iPhoneSimulator.ActiveCfg = Release|Any CPU
		{9EC744CF-80DC-44CB-A9BB-9C474E96761B}.AppStore|iPhoneSimulator.Build.0 = Release|Any CPU
		{9EC744CF-80DC-44CB-A9BB-9C474E96761B}.AppStore|iPhoneSimulator.Deploy.0 = Release|Any CPU
		{9EC744CF-80DC-44CB-A9BB-9C474E96761B}.AppStore|x64.ActiveCfg = Release|Any CPU
		{9EC744CF-80DC-44CB-A9BB-9C474E96761B}.AppStore|x64.Build.0 = Release|Any CPU
		{9EC744CF-80DC-44CB-A9BB-9C474E96761B}.AppStore|x64.Deploy.0 = Release|Any CPU
		{9EC744CF-80DC-44CB-A9BB-9C474E96761B}.AppStore|x86.ActiveCfg = Release|Any CPU
		{9EC744CF-80DC-44CB-A9BB-9C474E96761B}.AppStore|x86.Build.0 = Release|Any CPU
		{9EC744CF-80DC-44CB-A9BB-9C474E96761B}.AppStore|x86.Deploy.0 = Release|Any CPU
		{9EC744CF-80DC-44CB-A9BB-9C474E96761B}.Debug|Any CPU.ActiveCfg = Debug|Any CPU
		{9EC744CF-80DC-44CB-A9BB-9C474E96761B}.Debug|Any CPU.Build.0 = Debug|Any CPU
		{9EC744CF-80DC-44CB-A9BB-9C474E96761B}.Debug|Any CPU.Deploy.0 = Debug|Any CPU
		{9EC744CF-80DC-44CB-A9BB-9C474E96761B}.Debug|ARM.ActiveCfg = Debug|Any CPU
		{9EC744CF-80DC-44CB-A9BB-9C474E96761B}.Debug|ARM.Build.0 = Debug|Any CPU
		{9EC744CF-80DC-44CB-A9BB-9C474E96761B}.Debug|ARM.Deploy.0 = Debug|Any CPU
		{9EC744CF-80DC-44CB-A9BB-9C474E96761B}.Debug|iPhone.ActiveCfg = Debug|Any CPU
		{9EC744CF-80DC-44CB-A9BB-9C474E96761B}.Debug|iPhone.Build.0 = Debug|Any CPU
		{9EC744CF-80DC-44CB-A9BB-9C474E96761B}.Debug|iPhone.Deploy.0 = Debug|Any CPU
		{9EC744CF-80DC-44CB-A9BB-9C474E96761B}.Debug|iPhoneSimulator.ActiveCfg = Debug|Any CPU
		{9EC744CF-80DC-44CB-A9BB-9C474E96761B}.Debug|iPhoneSimulator.Build.0 = Debug|Any CPU
		{9EC744CF-80DC-44CB-A9BB-9C474E96761B}.Debug|iPhoneSimulator.Deploy.0 = Debug|Any CPU
		{9EC744CF-80DC-44CB-A9BB-9C474E96761B}.Debug|x64.ActiveCfg = Debug|Any CPU
		{9EC744CF-80DC-44CB-A9BB-9C474E96761B}.Debug|x64.Build.0 = Debug|Any CPU
		{9EC744CF-80DC-44CB-A9BB-9C474E96761B}.Debug|x64.Deploy.0 = Debug|Any CPU
		{9EC744CF-80DC-44CB-A9BB-9C474E96761B}.Debug|x86.ActiveCfg = Debug|Any CPU
		{9EC744CF-80DC-44CB-A9BB-9C474E96761B}.Debug|x86.Build.0 = Debug|Any CPU
		{9EC744CF-80DC-44CB-A9BB-9C474E96761B}.Debug|x86.Deploy.0 = Debug|Any CPU
		{9EC744CF-80DC-44CB-A9BB-9C474E96761B}.Release|Any CPU.ActiveCfg = Release|Any CPU
		{9EC744CF-80DC-44CB-A9BB-9C474E96761B}.Release|Any CPU.Build.0 = Release|Any CPU
		{9EC744CF-80DC-44CB-A9BB-9C474E96761B}.Release|Any CPU.Deploy.0 = Release|Any CPU
		{9EC744CF-80DC-44CB-A9BB-9C474E96761B}.Release|ARM.ActiveCfg = Release|Any CPU
		{9EC744CF-80DC-44CB-A9BB-9C474E96761B}.Release|ARM.Build.0 = Release|Any CPU
		{9EC744CF-80DC-44CB-A9BB-9C474E96761B}.Release|ARM.Deploy.0 = Release|Any CPU
		{9EC744CF-80DC-44CB-A9BB-9C474E96761B}.Release|iPhone.ActiveCfg = Release|Any CPU
		{9EC744CF-80DC-44CB-A9BB-9C474E96761B}.Release|iPhone.Build.0 = Release|Any CPU
		{9EC744CF-80DC-44CB-A9BB-9C474E96761B}.Release|iPhone.Deploy.0 = Release|Any CPU
		{9EC744CF-80DC-44CB-A9BB-9C474E96761B}.Release|iPhoneSimulator.ActiveCfg = Release|Any CPU
		{9EC744CF-80DC-44CB-A9BB-9C474E96761B}.Release|iPhoneSimulator.Build.0 = Release|Any CPU
		{9EC744CF-80DC-44CB-A9BB-9C474E96761B}.Release|iPhoneSimulator.Deploy.0 = Release|Any CPU
		{9EC744CF-80DC-44CB-A9BB-9C474E96761B}.Release|x64.ActiveCfg = Release|Any CPU
		{9EC744CF-80DC-44CB-A9BB-9C474E96761B}.Release|x64.Build.0 = Release|Any CPU
		{9EC744CF-80DC-44CB-A9BB-9C474E96761B}.Release|x64.Deploy.0 = Release|Any CPU
		{9EC744CF-80DC-44CB-A9BB-9C474E96761B}.Release|x86.ActiveCfg = Release|Any CPU
		{9EC744CF-80DC-44CB-A9BB-9C474E96761B}.Release|x86.Build.0 = Release|Any CPU
		{9EC744CF-80DC-44CB-A9BB-9C474E96761B}.Release|x86.Deploy.0 = Release|Any CPU
		{674B2CE0-09AB-4DDB-B385-F54976784865}.Ad-Hoc|Any CPU.ActiveCfg = Ad-Hoc|iPhone
		{674B2CE0-09AB-4DDB-B385-F54976784865}.Ad-Hoc|ARM.ActiveCfg = Ad-Hoc|iPhone
		{674B2CE0-09AB-4DDB-B385-F54976784865}.Ad-Hoc|iPhone.ActiveCfg = Ad-Hoc|iPhone
		{674B2CE0-09AB-4DDB-B385-F54976784865}.Ad-Hoc|iPhone.Build.0 = Ad-Hoc|iPhone
		{674B2CE0-09AB-4DDB-B385-F54976784865}.Ad-Hoc|iPhoneSimulator.ActiveCfg = Ad-Hoc|iPhoneSimulator
		{674B2CE0-09AB-4DDB-B385-F54976784865}.Ad-Hoc|iPhoneSimulator.Build.0 = Ad-Hoc|iPhoneSimulator
		{674B2CE0-09AB-4DDB-B385-F54976784865}.Ad-Hoc|x64.ActiveCfg = Ad-Hoc|iPhone
		{674B2CE0-09AB-4DDB-B385-F54976784865}.Ad-Hoc|x86.ActiveCfg = Ad-Hoc|iPhone
		{674B2CE0-09AB-4DDB-B385-F54976784865}.AppStore|Any CPU.ActiveCfg = AppStore|iPhone
		{674B2CE0-09AB-4DDB-B385-F54976784865}.AppStore|ARM.ActiveCfg = AppStore|iPhone
		{674B2CE0-09AB-4DDB-B385-F54976784865}.AppStore|iPhone.ActiveCfg = AppStore|iPhone
		{674B2CE0-09AB-4DDB-B385-F54976784865}.AppStore|iPhone.Build.0 = AppStore|iPhone
		{674B2CE0-09AB-4DDB-B385-F54976784865}.AppStore|iPhoneSimulator.ActiveCfg = AppStore|iPhoneSimulator
		{674B2CE0-09AB-4DDB-B385-F54976784865}.AppStore|iPhoneSimulator.Build.0 = AppStore|iPhoneSimulator
		{674B2CE0-09AB-4DDB-B385-F54976784865}.AppStore|x64.ActiveCfg = AppStore|iPhone
		{674B2CE0-09AB-4DDB-B385-F54976784865}.AppStore|x86.ActiveCfg = AppStore|iPhone
		{674B2CE0-09AB-4DDB-B385-F54976784865}.Debug|Any CPU.ActiveCfg = Debug|iPhone
		{674B2CE0-09AB-4DDB-B385-F54976784865}.Debug|ARM.ActiveCfg = Debug|iPhone
		{674B2CE0-09AB-4DDB-B385-F54976784865}.Debug|iPhone.ActiveCfg = Debug|iPhone
		{674B2CE0-09AB-4DDB-B385-F54976784865}.Debug|iPhone.Build.0 = Debug|iPhone
		{674B2CE0-09AB-4DDB-B385-F54976784865}.Debug|iPhoneSimulator.ActiveCfg = Debug|iPhoneSimulator
		{674B2CE0-09AB-4DDB-B385-F54976784865}.Debug|iPhoneSimulator.Build.0 = Debug|iPhoneSimulator
		{674B2CE0-09AB-4DDB-B385-F54976784865}.Debug|x64.ActiveCfg = Debug|iPhone
		{674B2CE0-09AB-4DDB-B385-F54976784865}.Debug|x86.ActiveCfg = Debug|iPhone
		{674B2CE0-09AB-4DDB-B385-F54976784865}.Release|Any CPU.ActiveCfg = Release|iPhone
		{674B2CE0-09AB-4DDB-B385-F54976784865}.Release|ARM.ActiveCfg = Release|iPhone
		{674B2CE0-09AB-4DDB-B385-F54976784865}.Release|iPhone.ActiveCfg = Release|iPhone
		{674B2CE0-09AB-4DDB-B385-F54976784865}.Release|iPhone.Build.0 = Release|iPhone
		{674B2CE0-09AB-4DDB-B385-F54976784865}.Release|iPhoneSimulator.ActiveCfg = Release|iPhoneSimulator
		{674B2CE0-09AB-4DDB-B385-F54976784865}.Release|iPhoneSimulator.Build.0 = Release|iPhoneSimulator
		{674B2CE0-09AB-4DDB-B385-F54976784865}.Release|x64.ActiveCfg = Release|iPhone
		{674B2CE0-09AB-4DDB-B385-F54976784865}.Release|x86.ActiveCfg = Release|iPhone
		{D3DD3F91-3516-4BAC-97DD-F936987DEE45}.Ad-Hoc|Any CPU.ActiveCfg = Release|x64
		{D3DD3F91-3516-4BAC-97DD-F936987DEE45}.Ad-Hoc|Any CPU.Build.0 = Release|x64
		{D3DD3F91-3516-4BAC-97DD-F936987DEE45}.Ad-Hoc|Any CPU.Deploy.0 = Release|x64
		{D3DD3F91-3516-4BAC-97DD-F936987DEE45}.Ad-Hoc|ARM.ActiveCfg = Release|ARM
		{D3DD3F91-3516-4BAC-97DD-F936987DEE45}.Ad-Hoc|ARM.Build.0 = Release|ARM
		{D3DD3F91-3516-4BAC-97DD-F936987DEE45}.Ad-Hoc|ARM.Deploy.0 = Release|ARM
		{D3DD3F91-3516-4BAC-97DD-F936987DEE45}.Ad-Hoc|iPhone.ActiveCfg = Release|x64
		{D3DD3F91-3516-4BAC-97DD-F936987DEE45}.Ad-Hoc|iPhone.Build.0 = Release|x64
		{D3DD3F91-3516-4BAC-97DD-F936987DEE45}.Ad-Hoc|iPhone.Deploy.0 = Release|x64
		{D3DD3F91-3516-4BAC-97DD-F936987DEE45}.Ad-Hoc|iPhoneSimulator.ActiveCfg = Release|x64
		{D3DD3F91-3516-4BAC-97DD-F936987DEE45}.Ad-Hoc|iPhoneSimulator.Build.0 = Release|x64
		{D3DD3F91-3516-4BAC-97DD-F936987DEE45}.Ad-Hoc|iPhoneSimulator.Deploy.0 = Release|x64
		{D3DD3F91-3516-4BAC-97DD-F936987DEE45}.Ad-Hoc|x64.ActiveCfg = Release|x64
		{D3DD3F91-3516-4BAC-97DD-F936987DEE45}.Ad-Hoc|x64.Build.0 = Release|x64
		{D3DD3F91-3516-4BAC-97DD-F936987DEE45}.Ad-Hoc|x64.Deploy.0 = Release|x64
		{D3DD3F91-3516-4BAC-97DD-F936987DEE45}.Ad-Hoc|x86.ActiveCfg = Release|x86
		{D3DD3F91-3516-4BAC-97DD-F936987DEE45}.Ad-Hoc|x86.Build.0 = Release|x86
		{D3DD3F91-3516-4BAC-97DD-F936987DEE45}.Ad-Hoc|x86.Deploy.0 = Release|x86
		{D3DD3F91-3516-4BAC-97DD-F936987DEE45}.AppStore|Any CPU.ActiveCfg = Release|x64
		{D3DD3F91-3516-4BAC-97DD-F936987DEE45}.AppStore|Any CPU.Build.0 = Release|x64
		{D3DD3F91-3516-4BAC-97DD-F936987DEE45}.AppStore|Any CPU.Deploy.0 = Release|x64
		{D3DD3F91-3516-4BAC-97DD-F936987DEE45}.AppStore|ARM.ActiveCfg = Release|ARM
		{D3DD3F91-3516-4BAC-97DD-F936987DEE45}.AppStore|ARM.Build.0 = Release|ARM
		{D3DD3F91-3516-4BAC-97DD-F936987DEE45}.AppStore|ARM.Deploy.0 = Release|ARM
		{D3DD3F91-3516-4BAC-97DD-F936987DEE45}.AppStore|iPhone.ActiveCfg = Release|x64
		{D3DD3F91-3516-4BAC-97DD-F936987DEE45}.AppStore|iPhone.Build.0 = Release|x64
		{D3DD3F91-3516-4BAC-97DD-F936987DEE45}.AppStore|iPhone.Deploy.0 = Release|x64
		{D3DD3F91-3516-4BAC-97DD-F936987DEE45}.AppStore|iPhoneSimulator.ActiveCfg = Release|x64
		{D3DD3F91-3516-4BAC-97DD-F936987DEE45}.AppStore|iPhoneSimulator.Build.0 = Release|x64
		{D3DD3F91-3516-4BAC-97DD-F936987DEE45}.AppStore|iPhoneSimulator.Deploy.0 = Release|x64
		{D3DD3F91-3516-4BAC-97DD-F936987DEE45}.AppStore|x64.ActiveCfg = Release|x64
		{D3DD3F91-3516-4BAC-97DD-F936987DEE45}.AppStore|x64.Build.0 = Release|x64
		{D3DD3F91-3516-4BAC-97DD-F936987DEE45}.AppStore|x64.Deploy.0 = Release|x64
		{D3DD3F91-3516-4BAC-97DD-F936987DEE45}.AppStore|x86.ActiveCfg = Release|x86
		{D3DD3F91-3516-4BAC-97DD-F936987DEE45}.AppStore|x86.Build.0 = Release|x86
		{D3DD3F91-3516-4BAC-97DD-F936987DEE45}.AppStore|x86.Deploy.0 = Release|x86
		{D3DD3F91-3516-4BAC-97DD-F936987DEE45}.Debug|Any CPU.ActiveCfg = Debug|x86
		{D3DD3F91-3516-4BAC-97DD-F936987DEE45}.Debug|ARM.ActiveCfg = Debug|ARM
		{D3DD3F91-3516-4BAC-97DD-F936987DEE45}.Debug|ARM.Build.0 = Debug|ARM
		{D3DD3F91-3516-4BAC-97DD-F936987DEE45}.Debug|ARM.Deploy.0 = Debug|ARM
		{D3DD3F91-3516-4BAC-97DD-F936987DEE45}.Debug|iPhone.ActiveCfg = Debug|x86
		{D3DD3F91-3516-4BAC-97DD-F936987DEE45}.Debug|iPhoneSimulator.ActiveCfg = Debug|x86
		{D3DD3F91-3516-4BAC-97DD-F936987DEE45}.Debug|x64.ActiveCfg = Debug|x64
		{D3DD3F91-3516-4BAC-97DD-F936987DEE45}.Debug|x64.Build.0 = Debug|x64
		{D3DD3F91-3516-4BAC-97DD-F936987DEE45}.Debug|x64.Deploy.0 = Debug|x64
		{D3DD3F91-3516-4BAC-97DD-F936987DEE45}.Debug|x86.ActiveCfg = Debug|x86
		{D3DD3F91-3516-4BAC-97DD-F936987DEE45}.Debug|x86.Build.0 = Debug|x86
		{D3DD3F91-3516-4BAC-97DD-F936987DEE45}.Debug|x86.Deploy.0 = Debug|x86
		{D3DD3F91-3516-4BAC-97DD-F936987DEE45}.Release|Any CPU.ActiveCfg = Release|x86
		{D3DD3F91-3516-4BAC-97DD-F936987DEE45}.Release|ARM.ActiveCfg = Release|ARM
		{D3DD3F91-3516-4BAC-97DD-F936987DEE45}.Release|ARM.Build.0 = Release|ARM
		{D3DD3F91-3516-4BAC-97DD-F936987DEE45}.Release|ARM.Deploy.0 = Release|ARM
		{D3DD3F91-3516-4BAC-97DD-F936987DEE45}.Release|iPhone.ActiveCfg = Release|x86
		{D3DD3F91-3516-4BAC-97DD-F936987DEE45}.Release|iPhoneSimulator.ActiveCfg = Release|x86
		{D3DD3F91-3516-4BAC-97DD-F936987DEE45}.Release|x64.ActiveCfg = Release|x64
		{D3DD3F91-3516-4BAC-97DD-F936987DEE45}.Release|x64.Build.0 = Release|x64
		{D3DD3F91-3516-4BAC-97DD-F936987DEE45}.Release|x64.Deploy.0 = Release|x64
		{D3DD3F91-3516-4BAC-97DD-F936987DEE45}.Release|x86.ActiveCfg = Release|x86
		{D3DD3F91-3516-4BAC-97DD-F936987DEE45}.Release|x86.Build.0 = Release|x86
		{D3DD3F91-3516-4BAC-97DD-F936987DEE45}.Release|x86.Deploy.0 = Release|x86
		{578F11EE-8C11-46EA-8101-F59AECCB0B89}.Ad-Hoc|Any CPU.ActiveCfg = Debug|Any CPU
		{578F11EE-8C11-46EA-8101-F59AECCB0B89}.Ad-Hoc|Any CPU.Build.0 = Debug|Any CPU
		{578F11EE-8C11-46EA-8101-F59AECCB0B89}.Ad-Hoc|ARM.ActiveCfg = Debug|Any CPU
		{578F11EE-8C11-46EA-8101-F59AECCB0B89}.Ad-Hoc|ARM.Build.0 = Debug|Any CPU
		{578F11EE-8C11-46EA-8101-F59AECCB0B89}.Ad-Hoc|iPhone.ActiveCfg = Debug|Any CPU
		{578F11EE-8C11-46EA-8101-F59AECCB0B89}.Ad-Hoc|iPhone.Build.0 = Debug|Any CPU
		{578F11EE-8C11-46EA-8101-F59AECCB0B89}.Ad-Hoc|iPhoneSimulator.ActiveCfg = Debug|Any CPU
		{578F11EE-8C11-46EA-8101-F59AECCB0B89}.Ad-Hoc|iPhoneSimulator.Build.0 = Debug|Any CPU
		{578F11EE-8C11-46EA-8101-F59AECCB0B89}.Ad-Hoc|x64.ActiveCfg = Debug|Any CPU
		{578F11EE-8C11-46EA-8101-F59AECCB0B89}.Ad-Hoc|x64.Build.0 = Debug|Any CPU
		{578F11EE-8C11-46EA-8101-F59AECCB0B89}.Ad-Hoc|x86.ActiveCfg = Debug|Any CPU
		{578F11EE-8C11-46EA-8101-F59AECCB0B89}.Ad-Hoc|x86.Build.0 = Debug|Any CPU
		{578F11EE-8C11-46EA-8101-F59AECCB0B89}.AppStore|Any CPU.ActiveCfg = Debug|Any CPU
		{578F11EE-8C11-46EA-8101-F59AECCB0B89}.AppStore|Any CPU.Build.0 = Debug|Any CPU
		{578F11EE-8C11-46EA-8101-F59AECCB0B89}.AppStore|ARM.ActiveCfg = Debug|Any CPU
		{578F11EE-8C11-46EA-8101-F59AECCB0B89}.AppStore|ARM.Build.0 = Debug|Any CPU
		{578F11EE-8C11-46EA-8101-F59AECCB0B89}.AppStore|iPhone.ActiveCfg = Debug|Any CPU
		{578F11EE-8C11-46EA-8101-F59AECCB0B89}.AppStore|iPhone.Build.0 = Debug|Any CPU
		{578F11EE-8C11-46EA-8101-F59AECCB0B89}.AppStore|iPhoneSimulator.ActiveCfg = Debug|Any CPU
		{578F11EE-8C11-46EA-8101-F59AECCB0B89}.AppStore|iPhoneSimulator.Build.0 = Debug|Any CPU
		{578F11EE-8C11-46EA-8101-F59AECCB0B89}.AppStore|x64.ActiveCfg = Debug|Any CPU
		{578F11EE-8C11-46EA-8101-F59AECCB0B89}.AppStore|x64.Build.0 = Debug|Any CPU
		{578F11EE-8C11-46EA-8101-F59AECCB0B89}.AppStore|x86.ActiveCfg = Debug|Any CPU
		{578F11EE-8C11-46EA-8101-F59AECCB0B89}.AppStore|x86.Build.0 = Debug|Any CPU
		{578F11EE-8C11-46EA-8101-F59AECCB0B89}.Debug|Any CPU.ActiveCfg = Debug|Any CPU
		{578F11EE-8C11-46EA-8101-F59AECCB0B89}.Debug|Any CPU.Build.0 = Debug|Any CPU
		{578F11EE-8C11-46EA-8101-F59AECCB0B89}.Debug|ARM.ActiveCfg = Debug|Any CPU
		{578F11EE-8C11-46EA-8101-F59AECCB0B89}.Debug|ARM.Build.0 = Debug|Any CPU
		{578F11EE-8C11-46EA-8101-F59AECCB0B89}.Debug|iPhone.ActiveCfg = Debug|Any CPU
		{578F11EE-8C11-46EA-8101-F59AECCB0B89}.Debug|iPhone.Build.0 = Debug|Any CPU
		{578F11EE-8C11-46EA-8101-F59AECCB0B89}.Debug|iPhoneSimulator.ActiveCfg = Debug|Any CPU
		{578F11EE-8C11-46EA-8101-F59AECCB0B89}.Debug|iPhoneSimulator.Build.0 = Debug|Any CPU
		{578F11EE-8C11-46EA-8101-F59AECCB0B89}.Debug|x64.ActiveCfg = Debug|Any CPU
		{578F11EE-8C11-46EA-8101-F59AECCB0B89}.Debug|x64.Build.0 = Debug|Any CPU
		{578F11EE-8C11-46EA-8101-F59AECCB0B89}.Debug|x86.ActiveCfg = Debug|Any CPU
		{578F11EE-8C11-46EA-8101-F59AECCB0B89}.Debug|x86.Build.0 = Debug|Any CPU
		{578F11EE-8C11-46EA-8101-F59AECCB0B89}.Release|Any CPU.ActiveCfg = Release|Any CPU
		{578F11EE-8C11-46EA-8101-F59AECCB0B89}.Release|Any CPU.Build.0 = Release|Any CPU
		{578F11EE-8C11-46EA-8101-F59AECCB0B89}.Release|ARM.ActiveCfg = Release|Any CPU
		{578F11EE-8C11-46EA-8101-F59AECCB0B89}.Release|ARM.Build.0 = Release|Any CPU
		{578F11EE-8C11-46EA-8101-F59AECCB0B89}.Release|iPhone.ActiveCfg = Release|Any CPU
		{578F11EE-8C11-46EA-8101-F59AECCB0B89}.Release|iPhone.Build.0 = Release|Any CPU
		{578F11EE-8C11-46EA-8101-F59AECCB0B89}.Release|iPhoneSimulator.ActiveCfg = Release|Any CPU
		{578F11EE-8C11-46EA-8101-F59AECCB0B89}.Release|iPhoneSimulator.Build.0 = Release|Any CPU
		{578F11EE-8C11-46EA-8101-F59AECCB0B89}.Release|x64.ActiveCfg = Release|Any CPU
		{578F11EE-8C11-46EA-8101-F59AECCB0B89}.Release|x64.Build.0 = Release|Any CPU
		{578F11EE-8C11-46EA-8101-F59AECCB0B89}.Release|x86.ActiveCfg = Release|Any CPU
		{578F11EE-8C11-46EA-8101-F59AECCB0B89}.Release|x86.Build.0 = Release|Any CPU
		{9B330EFA-44B2-4EA4-A520-E730F0E700A5}.Ad-Hoc|Any CPU.ActiveCfg = Debug|Any CPU
		{9B330EFA-44B2-4EA4-A520-E730F0E700A5}.Ad-Hoc|Any CPU.Build.0 = Debug|Any CPU
		{9B330EFA-44B2-4EA4-A520-E730F0E700A5}.Ad-Hoc|ARM.ActiveCfg = Debug|Any CPU
		{9B330EFA-44B2-4EA4-A520-E730F0E700A5}.Ad-Hoc|ARM.Build.0 = Debug|Any CPU
		{9B330EFA-44B2-4EA4-A520-E730F0E700A5}.Ad-Hoc|iPhone.ActiveCfg = Debug|Any CPU
		{9B330EFA-44B2-4EA4-A520-E730F0E700A5}.Ad-Hoc|iPhone.Build.0 = Debug|Any CPU
		{9B330EFA-44B2-4EA4-A520-E730F0E700A5}.Ad-Hoc|iPhoneSimulator.ActiveCfg = Debug|Any CPU
		{9B330EFA-44B2-4EA4-A520-E730F0E700A5}.Ad-Hoc|iPhoneSimulator.Build.0 = Debug|Any CPU
		{9B330EFA-44B2-4EA4-A520-E730F0E700A5}.Ad-Hoc|x64.ActiveCfg = Debug|Any CPU
		{9B330EFA-44B2-4EA4-A520-E730F0E700A5}.Ad-Hoc|x64.Build.0 = Debug|Any CPU
		{9B330EFA-44B2-4EA4-A520-E730F0E700A5}.Ad-Hoc|x86.ActiveCfg = Debug|Any CPU
		{9B330EFA-44B2-4EA4-A520-E730F0E700A5}.Ad-Hoc|x86.Build.0 = Debug|Any CPU
		{9B330EFA-44B2-4EA4-A520-E730F0E700A5}.AppStore|Any CPU.ActiveCfg = Debug|Any CPU
		{9B330EFA-44B2-4EA4-A520-E730F0E700A5}.AppStore|Any CPU.Build.0 = Debug|Any CPU
		{9B330EFA-44B2-4EA4-A520-E730F0E700A5}.AppStore|ARM.ActiveCfg = Debug|Any CPU
		{9B330EFA-44B2-4EA4-A520-E730F0E700A5}.AppStore|ARM.Build.0 = Debug|Any CPU
		{9B330EFA-44B2-4EA4-A520-E730F0E700A5}.AppStore|iPhone.ActiveCfg = Debug|Any CPU
		{9B330EFA-44B2-4EA4-A520-E730F0E700A5}.AppStore|iPhone.Build.0 = Debug|Any CPU
		{9B330EFA-44B2-4EA4-A520-E730F0E700A5}.AppStore|iPhoneSimulator.ActiveCfg = Debug|Any CPU
		{9B330EFA-44B2-4EA4-A520-E730F0E700A5}.AppStore|iPhoneSimulator.Build.0 = Debug|Any CPU
		{9B330EFA-44B2-4EA4-A520-E730F0E700A5}.AppStore|x64.ActiveCfg = Debug|Any CPU
		{9B330EFA-44B2-4EA4-A520-E730F0E700A5}.AppStore|x64.Build.0 = Debug|Any CPU
		{9B330EFA-44B2-4EA4-A520-E730F0E700A5}.AppStore|x86.ActiveCfg = Debug|Any CPU
		{9B330EFA-44B2-4EA4-A520-E730F0E700A5}.AppStore|x86.Build.0 = Debug|Any CPU
		{9B330EFA-44B2-4EA4-A520-E730F0E700A5}.Debug|Any CPU.ActiveCfg = Debug|Any CPU
		{9B330EFA-44B2-4EA4-A520-E730F0E700A5}.Debug|Any CPU.Build.0 = Debug|Any CPU
		{9B330EFA-44B2-4EA4-A520-E730F0E700A5}.Debug|ARM.ActiveCfg = Debug|Any CPU
		{9B330EFA-44B2-4EA4-A520-E730F0E700A5}.Debug|ARM.Build.0 = Debug|Any CPU
		{9B330EFA-44B2-4EA4-A520-E730F0E700A5}.Debug|iPhone.ActiveCfg = Debug|Any CPU
		{9B330EFA-44B2-4EA4-A520-E730F0E700A5}.Debug|iPhone.Build.0 = Debug|Any CPU
		{9B330EFA-44B2-4EA4-A520-E730F0E700A5}.Debug|iPhoneSimulator.ActiveCfg = Debug|Any CPU
		{9B330EFA-44B2-4EA4-A520-E730F0E700A5}.Debug|iPhoneSimulator.Build.0 = Debug|Any CPU
		{9B330EFA-44B2-4EA4-A520-E730F0E700A5}.Debug|x64.ActiveCfg = Debug|Any CPU
		{9B330EFA-44B2-4EA4-A520-E730F0E700A5}.Debug|x64.Build.0 = Debug|Any CPU
		{9B330EFA-44B2-4EA4-A520-E730F0E700A5}.Debug|x86.ActiveCfg = Debug|Any CPU
		{9B330EFA-44B2-4EA4-A520-E730F0E700A5}.Debug|x86.Build.0 = Debug|Any CPU
		{9B330EFA-44B2-4EA4-A520-E730F0E700A5}.Release|Any CPU.ActiveCfg = Release|Any CPU
		{9B330EFA-44B2-4EA4-A520-E730F0E700A5}.Release|Any CPU.Build.0 = Release|Any CPU
		{9B330EFA-44B2-4EA4-A520-E730F0E700A5}.Release|ARM.ActiveCfg = Release|Any CPU
		{9B330EFA-44B2-4EA4-A520-E730F0E700A5}.Release|ARM.Build.0 = Release|Any CPU
		{9B330EFA-44B2-4EA4-A520-E730F0E700A5}.Release|iPhone.ActiveCfg = Release|Any CPU
		{9B330EFA-44B2-4EA4-A520-E730F0E700A5}.Release|iPhone.Build.0 = Release|Any CPU
		{9B330EFA-44B2-4EA4-A520-E730F0E700A5}.Release|iPhoneSimulator.ActiveCfg = Release|Any CPU
		{9B330EFA-44B2-4EA4-A520-E730F0E700A5}.Release|iPhoneSimulator.Build.0 = Release|Any CPU
		{9B330EFA-44B2-4EA4-A520-E730F0E700A5}.Release|x64.ActiveCfg = Release|Any CPU
		{9B330EFA-44B2-4EA4-A520-E730F0E700A5}.Release|x64.Build.0 = Release|Any CPU
		{9B330EFA-44B2-4EA4-A520-E730F0E700A5}.Release|x86.ActiveCfg = Release|Any CPU
		{9B330EFA-44B2-4EA4-A520-E730F0E700A5}.Release|x86.Build.0 = Release|Any CPU
	EndGlobalSection
	GlobalSection(SolutionProperties) = preSolution
		HideSolutionNode = FALSE
	EndGlobalSection
	GlobalSection(ExtensibilityGlobals) = postSolution
		SolutionGuid = {C72763A7-200F-4DBA-AE9E-6716F2AD4DC4}
	EndGlobalSection
EndGlobal
